<?xml version="1.0" encoding="utf-8"?>
<Project ToolsVersion="4.0" xmlns="http://schemas.microsoft.com/developer/msbuild/2003">
  <ItemGroup>
    <Filter Include="Source Files">
      <UniqueIdentifier>{4FC737F1-C7A5-4376-A066-2A32D752A2FF}</UniqueIdentifier>
      <Extensions>cpp;c;cc;cxx;c++;cppm;ixx;def;odl;idl;hpj;bat;asm;asmx</Extensions>
    </Filter>
    <Filter Include="Header Files">
      <UniqueIdentifier>{93995380-89BD-4b04-88EB-625FBE52EBFB}</UniqueIdentifier>
      <Extensions>h;hh;hpp;hxx;h++;hm;inl;inc;ipp;xsd</Extensions>
    </Filter>
    <Filter Include="Resource Files">
      <UniqueIdentifier>{67DA6AB6-F800-4c08-8B7A-83BB121AAD01}</UniqueIdentifier>
      <Extensions>rc;ico;cur;bmp;dlg;rc2;rct;bin;rgs;gif;jpg;jpeg;jpe;resx;tiff;tif;png;wav;mfcribbon-ms</Extensions>
    </Filter>
  </ItemGroup>
  <ItemGroup>
    <ClCompile Include="main.cpp">
      <Filter>Source Files</Filter>
    </ClCompile>
    <ClCompile Include="Game.cpp">
      <Filter>Source Files</Filter>
    </ClCompile>
    <ClCompile Include="Window.cpp">
      <Filter>Source Files</Filter>
    </ClCompile>
    <ClCompile Include="Mesh.cpp">
      <Filter>Source Files</Filter>
    </ClCompile>
    <ClCompile Include="Shader.cpp">
      <Filter>Source Files</Filter>
    </ClCompile>
    <ClCompile Include="Transform.cpp">
      <Filter>Source Files</Filter>
    </ClCompile>
    <ClCompile Include="stb_image.c">
      <Filter>Source Files</Filter>
    </ClCompile>
    <ClCompile Include="Texture.cpp">
      <Filter>Source Files</Filter>
    </ClCompile>
    <ClCompile Include="Camera.cpp">
      <Filter>Source Files</Filter>
    </ClCompile>
    <ClCompile Include="obj_loader.cpp">
      <Filter>Source Files</Filter>
    </ClCompile>
    <ClCompile Include="GameObject.cpp">
      <Filter>Source Files</Filter>
    </ClCompile>
    <ClCompile Include="Audio.cpp">
      <Filter>Source Files</Filter>
    </ClCompile>
    <ClCompile Include="SkyBox.cpp">
      <Filter>Source Files</Filter>
    </ClCompile>
    <ClCompile Include="Cube.cpp">
      <Filter>Source Files</Filter>
    </ClCompile>
    <ClCompile Include="Linker.cpp">
      <Filter>Source Files</Filter>
    </ClCompile>
    <ClCompile Include="Time.cpp">
      <Filter>Source Files</Filter>
    </ClCompile>
    <ClCompile Include="FBO.cpp">
      <Filter>Source Files</Filter>
    </ClCompile>
    <ClCompile Include="GBuffer.cpp">
      <Filter>Source Files</Filter>
    </ClCompile>
  </ItemGroup>
  <ItemGroup>
    <ClInclude Include="Game.h">
      <Filter>Header Files</Filter>
    </ClInclude>
    <ClInclude Include="Window.h">
      <Filter>Header Files</Filter>
    </ClInclude>
    <ClInclude Include="Mesh.h">
      <Filter>Header Files</Filter>
    </ClInclude>
    <ClInclude Include="Shader.h">
      <Filter>Header Files</Filter>
    </ClInclude>
    <ClInclude Include="Transform.h">
      <Filter>Header Files</Filter>
    </ClInclude>
    <ClInclude Include="stb_image.h">
      <Filter>Header Files</Filter>
    </ClInclude>
    <ClInclude Include="Texture.h">
      <Filter>Header Files</Filter>
    </ClInclude>
    <ClInclude Include="Camera.h">
      <Filter>Header Files</Filter>
    </ClInclude>
    <ClInclude Include="obj_loader.h">
      <Filter>Header Files</Filter>
    </ClInclude>
    <ClInclude Include="GameObject.h">
      <Filter>Header Files</Filter>
    </ClInclude>
    <ClInclude Include="Audio.h">
      <Filter>Header Files</Filter>
    </ClInclude>
    <ClInclude Include="SkyBox.h">
      <Filter>Header Files</Filter>
    </ClInclude>
    <ClInclude Include="Cube.h">
      <Filter>Header Files</Filter>
    </ClInclude>
    <ClInclude Include="Linker.h">
      <Filter>Header Files</Filter>
    </ClInclude>
    <ClInclude Include="Time.h">
      <Filter>Header Files</Filter>
    </ClInclude>
    <ClInclude Include="FBO.h">
      <Filter>Header Files</Filter>
    </ClInclude>
    <ClInclude Include="GBuffer.h">
      <Filter>Header Files</Filter>
    </ClInclude>
  </ItemGroup>
  <ItemGroup>
    <None Include="..\res\shader.frag">
      <Filter>Resource Files</Filter>
    </None>
    <None Include="..\res\shader.vert">
      <Filter>Resource Files</Filter>
    </None>
    <None Include="ClassDiagram.cd" />
    <None Include="ClassDiagram1.cd" />
    <None Include="..\res\fogShader.frag">
      <Filter>Resource Files</Filter>
    </None>
    <None Include="..\res\fogShader.vert">
      <Filter>Resource Files</Filter>
    </None>
    <None Include="..\res\toonShader.frag">
      <Filter>Resource Files</Filter>
    </None>
    <None Include="..\res\toonShader.vert">
      <Filter>Resource Files</Filter>
    </None>
    <None Include="..\res\rimShader.vert">
      <Filter>Resource Files</Filter>
    </None>
    <None Include="..\res\rimShader.frag">
      <Filter>Resource Files</Filter>
    </None>
    <None Include="..\res\geometryShader.vert">
      <Filter>Resource Files</Filter>
    </None>
    <None Include="..\res\geometryShader.frag">
      <Filter>Resource Files</Filter>
    </None>
    <None Include="..\res\geometryShader.geom">
      <Filter>Resource Files</Filter>
    </None>
    <None Include="..\res\shaderReflection.frag">
      <Filter>Resource Files</Filter>
    </None>
    <None Include="..\res\shaderReflection.vert">
      <Filter>Resource Files</Filter>
    </None>
    <None Include="..\res\shaderSkybox.frag">
      <Filter>Resource Files</Filter>
    </None>
    <None Include="..\res\shaderSkybox.vert">
      <Filter>Resource Files</Filter>
    </None>
    <None Include="..\res\thirdShader.vert">
      <Filter>Resource Files</Filter>
    </None>
    <None Include="..\res\thirdShader.frag">
      <Filter>Resource Files</Filter>
    </None>
    <None Include="..\res\phongShader.vert">
      <Filter>Resource Files</Filter>
    </None>
    <None Include="..\res\phongShader.frag">
      <Filter>Resource Files</Filter>
    </None>
    <None Include="..\res\FBOShader.vert">
      <Filter>Resource Files</Filter>
    </None>
    <None Include="..\res\FBOShader.frag">
      <Filter>Resource Files</Filter>
    </None>
    <None Include="..\res\gBuffer.frag">
      <Filter>Resource Files</Filter>
    </None>
    <None Include="..\res\gBuffer.vert">
      <Filter>Resource Files</Filter>
    </None>
  </ItemGroup>
  <ItemGroup>
    <Image Include="..\res\bricks.jpg">
      <Filter>Resource Files</Filter>
    </Image>
    <Image Include="..\res\Water.jpg">
      <Filter>Resource Files</Filter>
    </Image>
    <Image Include="..\res\bkg1_bot.png">
      <Filter>Resource Files</Filter>
    </Image>
    <Image Include="..\res\bkg1_front.png">
      <Filter>Resource Files</Filter>
    </Image>
    <Image Include="..\res\bkg1_left.png">
      <Filter>Resource Files</Filter>
    </Image>
    <Image Include="..\res\bkg1_right.png">
      <Filter>Resource Files</Filter>
    </Image>
    <Image Include="..\res\bkg1_top.png">
      <Filter>Resource Files</Filter>
    </Image>
    <Image Include="..\res\bkg1_back.png">
      <Filter>Resource Files</Filter>
    </Image>
  </ItemGroup>
  <ItemGroup>
    <Text Include="ModelPath.txt">
      <Filter>Resource Files</Filter>
    </Text>
  </ItemGroup>
</Project>